
Microsoft Visual Studio Solution File, Format Version 12.00
# Visual Studio Version 16
VisualStudioVersion = 16.0.31605.320
MinimumVisualStudioVersion = 10.0.40219.1
Project("{9A19103F-16F7-4668-BE54-9A1E7A4F7556}") = "BreadcrumbLib.Demo", "BreadCrumbLib.Demo\BreadcrumbLib.Demo.csproj", "{FB098FDC-C1D1-4E67-97A9-FA92E5625368}"
EndProject
Project("{9A19103F-16F7-4668-BE54-9A1E7A4F7556}") = "BreadcrumbLib", "BreadCrumbLib\BreadcrumbLib.csproj", "{54A35A97-4FDA-4CDC-946A-1F32DBEBD53F}"
EndProject
Project("{2150E333-8FDC-42A3-9474-1A3956D46DE8}") = "App", "App", "{2A076CCE-C22A-42CB-A376-18C3BC9165F7}"
EndProject
Global
	GlobalSection(SolutionConfigurationPlatforms) = preSolution
		Debug|Any CPU = Debug|Any CPU
		Release|Any CPU = Release|Any CPU
	EndGlobalSection
	GlobalSection(ProjectConfigurationPlatforms) = postSolution
		{FB098FDC-C1D1-4E67-97A9-FA92E5625368}.Debug|Any CPU.ActiveCfg = Debug|Any CPU
		{FB098FDC-C1D1-4E67-97A9-FA92E5625368}.Debug|Any CPU.Build.0 = Debug|Any CPU
		{FB098FDC-C1D1-4E67-97A9-FA92E5625368}.Release|Any CPU.ActiveCfg = Release|Any CPU
		{FB098FDC-C1D1-4E67-97A9-FA92E5625368}.Release|Any CPU.Build.0 = Release|Any CPU
		{54A35A97-4FDA-4CDC-946A-1F32DBEBD53F}.Debug|Any CPU.ActiveCfg = Debug|Any CPU
		{54A35A97-4FDA-4CDC-946A-1F32DBEBD53F}.Debug|Any CPU.Build.0 = Debug|Any CPU
		{54A35A97-4FDA-4CDC-946A-1F32DBEBD53F}.Release|Any CPU.ActiveCfg = Release|Any CPU
		{54A35A97-4FDA-4CDC-946A-1F32DBEBD53F}.Release|Any CPU.Build.0 = Release|Any CPU
	EndGlobalSection
	GlobalSection(SolutionProperties) = preSolution
		HideSolutionNode = FALSE
	EndGlobalSection
	GlobalSection(NestedProjects) = preSolution
		{FB098FDC-C1D1-4E67-97A9-FA92E5625368} = {2A076CCE-C22A-42CB-A376-18C3BC9165F7}
	EndGlobalSection
	GlobalSection(ExtensibilityGlobals) = postSolution
		SolutionGuid = {664B0150-683B-4D07-957A-F55D2064ADBD}
	EndGlobalSection
EndGlobal
